{
  "name": "@tile-generator/common",
  "version": "0.1.0",
  "lockfileVersion": 1,
  "requires": true,
  "dependencies": {
    "geojson": {
      "version": "0.5.0",
      "resolved": "https://registry.npmjs.org/geojson/-/geojson-0.5.0.tgz",
      "integrity": "sha1-PNbJY5m+ZbVu5VWWEW/pGRznAcA="
    },
    "io-ts": {
      "version": "1.10.4",
      "resolved": "https://registry.npmjs.org/io-ts/-/io-ts-1.10.4.tgz",
      "integrity": "sha512-b23PteSnYXSONJ6JQXRAlvJhuw8KOtkqa87W4wDtvMrud/DTJd5X+NpOOI+O/zZwVq6v0VLAaJ+1EDViKEuN9g==",
      "requires": {
        "fp-ts": "^1.0.0"
      },
      "dependencies": {
        "fp-ts": {
          "version": "1.19.5",
          "resolved": "https://registry.npmjs.org/fp-ts/-/fp-ts-1.19.5.tgz",
          "integrity": "sha512-wDNqTimnzs8QqpldiId9OavWK2NptormjXnRJTQecNjzwfyp6P/8s/zG8e4h3ja3oqkKaY72UlTjQYt/1yXf9A=="
        }
      }
    },
    "lodash": {
      "version": "4.17.15",
      "resolved": "https://registry.npmjs.org/lodash/-/lodash-4.17.15.tgz",
      "integrity": "sha512-8xOcRHvCjnocdS5cpwXQXVzmmh5e5+saE2QGoeQmbKmRS6J3VQppPOIt0MnmE+4xlZoumy0GPG0D0MVIQbNA1A=="
    },
    "typescript": {
      "version": "3.8.3",
      "resolved": "https://registry.npmjs.org/typescript/-/typescript-3.8.3.tgz",
      "integrity": "sha512-MYlEfn5VrLNsgudQTVJeNaQFUAI7DkhnOjdpAp4T+ku1TfQClewlbSuTVHiA+8skNBgaf02TL/kLOvig4y3G8w==",
      "dev": true
    }
  }
}
